
Microsoft Visual Studio Solution File, Format Version 12.00
# Visual Studio Version 16
VisualStudioVersion = 16.0.30804.86
MinimumVisualStudioVersion = 10.0.40219.1
Project("{FAE04EC0-301F-11D3-BF4B-00C04F79EFBC}") = "KSPW00tNow", "KSPW00tNow\KSPW00tNow.csproj", "{1F0B9CF0-E868-4FA1-BBF0-F3B9F145895D}"
EndProject
Global
	GlobalSection(SolutionConfigurationPlatforms) = preSolution
		Debug|Any CPU = Debug|Any CPU
		Release|Any CPU = Release|Any CPU
	EndGlobalSection
	GlobalSection(ProjectConfigurationPlatforms) = postSolution
		{1F0B9CF0-E868-4FA1-BBF0-F3B9F145895D}.Debug|Any CPU.ActiveCfg = Debug|Any CPU
		{1F0B9CF0-E868-4FA1-BBF0-F3B9F145895D}.Debug|Any CPU.Build.0 = Debug|Any CPU
		{1F0B9CF0-E868-4FA1-BBF0-F3B9F145895D}.Release|Any CPU.ActiveCfg = Release|Any CPU
		{1F0B9CF0-E868-4FA1-BBF0-F3B9F145895D}.Release|Any CPU.Build.0 = Release|Any CPU
	EndGlobalSection
	GlobalSection(SolutionProperties) = preSolution
		HideSolutionNode = FALSE
	EndGlobalSection
	GlobalSection(ExtensibilityGlobals) = postSolution
		SolutionGuid = {98461E2F-0516-4A3E-9A09-CD59D8329C56}
	EndGlobalSection
EndGlobal
